{
  "name": "live-app",
  "version": "1.0.0",
  "lockfileVersion": 1,
  "requires": true,
  "dependencies": {
    "@miniprogram-component-plus/emoji": {
      "version": "1.0.1",
      "resolved": "https://registry.npmmirror.com/@miniprogram-component-plus/emoji/-/emoji-1.0.1.tgz",
      "integrity": "sha512-HOlW9YCEfUL/vriChKnHpXuoWrEIDjg/aF3CtMCNmIYHAtE8wGIZJ/ORlQEnG/oUunkOl20+mla+BYy1QUfeQw=="
    },
    "@vant/weapp": {
      "version": "1.10.3",
      "resolved": "https://registry.npmmirror.com/@vant/weapp/-/weapp-1.10.3.tgz",
      "integrity": "sha512-CcG5umI+zlJRN6hQXPeknOenPkVm6WBEgBaB6Y94kOmKLx9NHtHBdURwxuJEA4q4mxhUdOuf6sV7I8tZBnCVxw=="
    },
    "animate.css": {
      "version": "4.1.1",
      "resolved": "https://registry.npmmirror.com/animate.css/-/animate.css-4.1.1.tgz",
      "integrity": "sha512-+mRmCTv6SbCmtYJCN4faJMNFVNN5EuCTTprDTAo7YzIGji2KADmakjVA3+8mVDkZ2Bf09vayB35lSQIex2+QaQ=="
    },
    "js-base64": {
      "version": "3.7.2",
      "resolved": "https://registry.npmmirror.com/js-base64/-/js-base64-3.7.2.tgz",
      "integrity": "sha512-NnRs6dsyqUXejqk/yv2aiXlAvOs56sLkX6nUdeaNezI5LFFLlsZjOThmwnrcwh5ZZRwZlCMnVAY3CvhIhoVEKQ=="
    }
  }
}
